
Microsoft Visual Studio Solution File, Format Version 12.00
# Visual Studio Version 16
VisualStudioVersion = 16.0.31005.135
MinimumVisualStudioVersion = 10.0.40219.1
Project("{FAE04EC0-301F-11D3-BF4B-00C04F79EFBC}") = "InventoryManager", "InventoryManager\InventoryManager.csproj", "{9AF6D9D2-33F8-4815-8979-A08C728F6E11}"
EndProject
Global
	GlobalSection(SolutionConfigurationPlatforms) = preSolution
		Debug|Any CPU = Debug|Any CPU
		Release|Any CPU = Release|Any CPU
	EndGlobalSection
	GlobalSection(ProjectConfigurationPlatforms) = postSolution
		{9AF6D9D2-33F8-4815-8979-A08C728F6E11}.Debug|Any CPU.ActiveCfg = Debug|Any CPU
		{9AF6D9D2-33F8-4815-8979-A08C728F6E11}.Debug|Any CPU.Build.0 = Debug|Any CPU
		{9AF6D9D2-33F8-4815-8979-A08C728F6E11}.Release|Any CPU.ActiveCfg = Release|Any CPU
		{9AF6D9D2-33F8-4815-8979-A08C728F6E11}.Release|Any CPU.Build.0 = Release|Any CPU
	EndGlobalSection
	GlobalSection(SolutionProperties) = preSolution
		HideSolutionNode = FALSE
	EndGlobalSection
	GlobalSection(ExtensibilityGlobals) = postSolution
		SolutionGuid = {4D9E7576-B4DD-43F4-8824-42D0E6A859A3}
	EndGlobalSection
EndGlobal
